{
  "name": "jsonresume-theme-jacrys",
  "version": "1.0.0",
  "lockfileVersion": 2,
  "requires": true,
  "packages": {
    "": {
      "version": "1.0.0",
      "license": "MIT",
      "dependencies": {
        "jsonresume-theme-jacrys": "^1.0.0"
      }
    },
    "node_modules/jsonresume-theme-jacrys": {
      "version": "1.0.0",
      "resolved": "https://registry.npmjs.org/jsonresume-theme-jacrys/-/jsonresume-theme-jacrys-1.0.0.tgz",
      "integrity": "sha512-p6vqhPOnESQMeTpsoq4E+fmDCCDTcBx31S5hupIuW3pwdqwo2OZzUskHp1G4rYZ+Yhh3bal4oY6Fv5MBWRmikQ=="
    }
  },
  "dependencies": {
    "jsonresume-theme-jacrys": {
      "version": "1.0.0",
      "resolved": "https://registry.npmjs.org/jsonresume-theme-jacrys/-/jsonresume-theme-jacrys-1.0.0.tgz",
      "integrity": "sha512-p6vqhPOnESQMeTpsoq4E+fmDCCDTcBx31S5hupIuW3pwdqwo2OZzUskHp1G4rYZ+Yhh3bal4oY6Fv5MBWRmikQ=="
    }
  }
}
